
Microsoft Visual Studio Solution File, Format Version 12.00
# Visual Studio Version 17
VisualStudioVersion = 17.8.34330.188
MinimumVisualStudioVersion = 10.0.40219.1
Project("{F184B08F-C81C-45F6-A57F-5ABD9991F28F}") = "Facturacion_VB", "Facturacion_VB.vbproj", "{2A65D06F-9D31-42C3-94C9-9F20A9BE8516}"
EndProject
Global
	GlobalSection(SolutionConfigurationPlatforms) = preSolution
		Debug|Any CPU = Debug|Any CPU
		Release|Any CPU = Release|Any CPU
	EndGlobalSection
	GlobalSection(ProjectConfigurationPlatforms) = postSolution
		{2A65D06F-9D31-42C3-94C9-9F20A9BE8516}.Debug|Any CPU.ActiveCfg = Debug|Any CPU
		{2A65D06F-9D31-42C3-94C9-9F20A9BE8516}.Debug|Any CPU.Build.0 = Debug|Any CPU
		{2A65D06F-9D31-42C3-94C9-9F20A9BE8516}.Release|Any CPU.ActiveCfg = Release|Any CPU
		{2A65D06F-9D31-42C3-94C9-9F20A9BE8516}.Release|Any CPU.Build.0 = Release|Any CPU
	EndGlobalSection
	GlobalSection(SolutionProperties) = preSolution
		HideSolutionNode = FALSE
	EndGlobalSection
	GlobalSection(ExtensibilityGlobals) = postSolution
		SolutionGuid = {802C24D3-3B81-4094-9996-899402C63D10}
	EndGlobalSection
EndGlobal
